# This file was autogenerated by Stack.
# You should not edit this file by hand.
# For more information, please see the documentation at:
#   https://docs.haskellstack.org/en/stable/lock_files

packages:
- completed:
    hackage: fclabels-2.0.5@sha256:817006077632bd29e637956154aa33d3c10a59be0791c308cef955eb951b2675,4473
    pantry-tree:
      size: 1008
      sha256: 8a9254b7f80c3586d6e51d35c1355e700c3f9b0b3d8e3ae6e6ab939580188e1b
  original:
    hackage: fclabels-2.0.5
snapshots:
- completed:
    size: 533252
    url: https://raw.githubusercontent.com/commercialhaskell/stackage-snapshots/master/lts/16/27.yaml
    sha256: c2aaae52beeacf6a5727c1010f50e89d03869abfab6d2c2658ade9da8ed50c73
  original:
    url: https://raw.githubusercontent.com/commercialhaskell/stackage-snapshots/master/lts/16/27.yaml
